
Microsoft Visual Studio Solution File, Format Version 12.00
# Visual Studio Version 17
VisualStudioVersion = 17.4.33403.182
MinimumVisualStudioVersion = 10.0.40219.1
Project("{FAE04EC0-301F-11D3-BF4B-00C04F79EFBC}") = "MoviesMVC", "MoviesMVC\MoviesMVC.csproj", "{D7D3EC57-D162-4611-827D-0E3274C274E9}"
EndProject
Global
	GlobalSection(SolutionConfigurationPlatforms) = preSolution
		Debug|Any CPU = Debug|Any CPU
		Release|Any CPU = Release|Any CPU
	EndGlobalSection
	GlobalSection(ProjectConfigurationPlatforms) = postSolution
		{D7D3EC57-D162-4611-827D-0E3274C274E9}.Debug|Any CPU.ActiveCfg = Debug|Any CPU
		{D7D3EC57-D162-4611-827D-0E3274C274E9}.Debug|Any CPU.Build.0 = Debug|Any CPU
		{D7D3EC57-D162-4611-827D-0E3274C274E9}.Release|Any CPU.ActiveCfg = Release|Any CPU
		{D7D3EC57-D162-4611-827D-0E3274C274E9}.Release|Any CPU.Build.0 = Release|Any CPU
	EndGlobalSection
	GlobalSection(SolutionProperties) = preSolution
		HideSolutionNode = FALSE
	EndGlobalSection
	GlobalSection(ExtensibilityGlobals) = postSolution
		SolutionGuid = {B5389003-8ACD-43D1-8D6F-7C1AB03C3D7D}
	EndGlobalSection
EndGlobal
